// !$*UTF8*$!
{
	archiveVersion = 1;
	classes = {
	};
	objectVersion = 51;
	objects = {

/* Begin PBXBuildFile section */
		0ECCA71B8DFC24E75ED839BF /* Pods_DokushoKirokuAppUITests.framework in Frameworks */ = {isa = PBXBuildFile; fileRef = 31F10571AC425A5FAD89843C /* Pods_DokushoKirokuAppUITests.framework */; };
		181DCEFA22C23307007A2A22 /* AppDelegate.swift in Sources */ = {isa = PBXBuildFile; fileRef = 181DCEF922C23307007A2A22 /* AppDelegate.swift */; };
		181DCEFC22C23307007A2A22 /* ViewController.swift in Sources */ = {isa = PBXBuildFile; fileRef = 181DCEFB22C23307007A2A22 /* ViewController.swift */; };
		181DCEFF22C23307007A2A22 /* Main.storyboard in Resources */ = {isa = PBXBuildFile; fileRef = 181DCEFD22C23307007A2A22 /* Main.storyboard */; };
		181DCF0122C23309007A2A22 /* Assets.xcassets in Resources */ = {isa = PBXBuildFile; fileRef = 181DCF0022C23309007A2A22 /* Assets.xcassets */; };
		181DCF0422C23309007A2A22 /* LaunchScreen.storyboard in Resources */ = {isa = PBXBuildFile; fileRef = 181DCF0222C23309007A2A22 /* LaunchScreen.storyboard */; };
		181DCF0F22C2330A007A2A22 /* DokushoKirokuAppTests.swift in Sources */ = {isa = PBXBuildFile; fileRef = 181DCF0E22C2330A007A2A22 /* DokushoKirokuAppTests.swift */; };
		181DCF1A22C2330A007A2A22 /* DokushoKirokuAppUITests.swift in Sources */ = {isa = PBXBuildFile; fileRef = 181DCF1922C2330A007A2A22 /* DokushoKirokuAppUITests.swift */; };
		18E5758F22C2650500A870ED /* LoginViewController.swift in Sources */ = {isa = PBXBuildFile; fileRef = 18E5758E22C2650500A870ED /* LoginViewController.swift */; };
		18E5759122C265B100A870ED /* HomeViewController.swift in Sources */ = {isa = PBXBuildFile; fileRef = 18E5759022C265B100A870ED /* HomeViewController.swift */; };
		18E5759322C265E200A870ED /* InputViewController.swift in Sources */ = {isa = PBXBuildFile; fileRef = 18E5759222C265E200A870ED /* InputViewController.swift */; };
		18E5759522C265FD00A870ED /* CellViewController.swift in Sources */ = {isa = PBXBuildFile; fileRef = 18E5759422C265FD00A870ED /* CellViewController.swift */; };
		18E5759722C2660F00A870ED /* CellInputViewController.swift in Sources */ = {isa = PBXBuildFile; fileRef = 18E5759622C2660F00A870ED /* CellInputViewController.swift */; };
		18E5759922C27BB700A870ED /* GoogleService-Info.plist in Resources */ = {isa = PBXBuildFile; fileRef = 18E5759822C27BB700A870ED /* GoogleService-Info.plist */; };
		18E5759B22C4EBCE00A870ED /* BookData.swift in Sources */ = {isa = PBXBuildFile; fileRef = 18E5759A22C4EBCE00A870ED /* BookData.swift */; };
		18E5759E22C4EF1400A870ED /* BookTableViewCell.swift in Sources */ = {isa = PBXBuildFile; fileRef = 18E5759C22C4EF1400A870ED /* BookTableViewCell.swift */; };
		18E5759F22C4EF1400A870ED /* BookTableViewCell.xib in Resources */ = {isa = PBXBuildFile; fileRef = 18E5759D22C4EF1400A870ED /* BookTableViewCell.xib */; };
		18E575A222C7AE5F00A870ED /* DailyLogTableViewCell.swift in Sources */ = {isa = PBXBuildFile; fileRef = 18E575A022C7AE5F00A870ED /* DailyLogTableViewCell.swift */; };
		18E575A322C7AE5F00A870ED /* DailyLogTableViewCell.xib in Resources */ = {isa = PBXBuildFile; fileRef = 18E575A122C7AE5F00A870ED /* DailyLogTableViewCell.xib */; };
		18E575A522C7B12300A870ED /* DailyLogData.swift in Sources */ = {isa = PBXBuildFile; fileRef = 18E575A422C7B12300A870ED /* DailyLogData.swift */; };
		18E575A722C9106000A870ED /* MenuViewController.swift in Sources */ = {isa = PBXBuildFile; fileRef = 18E575A622C9106000A870ED /* MenuViewController.swift */; };
		18E575A922CD011100A870ED /* ResetPasswordViewController.swift in Sources */ = {isa = PBXBuildFile; fileRef = 18E575A822CD011100A870ED /* ResetPasswordViewController.swift */; };
		53BA0559FDE6BA999ACD7902 /* Pods_DokushoKirokuAppTests.framework in Frameworks */ = {isa = PBXBuildFile; fileRef = CFCDB43B55DE6F7463B2DDBC /* Pods_DokushoKirokuAppTests.framework */; };
		B19640AD76ABCB3A4AF639ED /* Pods_DokushoKirokuApp.framework in Frameworks */ = {isa = PBXBuildFile; fileRef = CB1E2DD83E4D7DF3524A5143 /* Pods_DokushoKirokuApp.framework */; };
/* End PBXBuildFile section */

/* Begin PBXContainerItemProxy section */
		181DCF0B22C2330A007A2A22 /* PBXContainerItemProxy */ = {
			isa = PBXContainerItemProxy;
			containerPortal = 181DCEEE22C23306007A2A22 /* Project object */;
			proxyType = 1;
			remoteGlobalIDString = 181DCEF522C23306007A2A22;
			remoteInfo = DokushoKirokuApp;
		};
		181DCF1622C2330A007A2A22 /* PBXContainerItemProxy */ = {
			isa = PBXContainerItemProxy;
			containerPortal = 181DCEEE22C23306007A2A22 /* Project object */;
			proxyType = 1;
			remoteGlobalIDString = 181DCEF522C23306007A2A22;
			remoteInfo = DokushoKirokuApp;
		};
/* End PBXContainerItemProxy section */

/* Begin PBXFileReference section */
		117E709152AF3EB341159B34 /* Pods-DokushoKirokuAppTests.debug.xcconfig */ = {isa = PBXFileReference; includeInIndex = 1; lastKnownFileType = text.xcconfig; name = "Pods-DokushoKirokuAppTests.debug.xcconfig"; path = "Target Support Files/Pods-DokushoKirokuAppTests/Pods-DokushoKirokuAppTests.debug.xcconfig"; sourceTree = "<group>"; };
		181DCEF622C23307007A2A22 /* DokushoKirokuApp.app */ = {isa = PBXFileReference; explicitFileType = wrapper.application; includeInIndex = 0; path = DokushoKirokuApp.app; sourceTree = BUILT_PRODUCTS_DIR; };
		181DCEF922C23307007A2A22 /* AppDelegate.swift */ = {isa = PBXFileReference; lastKnownFileType = sourcecode.swift; path = AppDelegate.swift; sourceTree = "<group>"; };
		181DCEFB22C23307007A2A22 /* ViewController.swift */ = {isa = PBXFileReference; lastKnownFileType = sourcecode.swift; path = ViewController.swift; sourceTree = "<group>"; };
		181DCEFE22C23307007A2A22 /* Base */ = {isa = PBXFileReference; lastKnownFileType = file.storyboard; name = Base; path = Base.lproj/Main.storyboard; sourceTree = "<group>"; };
		181DCF0022C23309007A2A22 /* Assets.xcassets */ = {isa = PBXFileReference; lastKnownFileType = folder.assetcatalog; path = Assets.xcassets; sourceTree = "<group>"; };
		181DCF0322C23309007A2A22 /* Base */ = {isa = PBXFileReference; lastKnownFileType = file.storyboard; name = Base; path = Base.lproj/LaunchScreen.storyboard; sourceTree = "<group>"; };
		181DCF0522C23309007A2A22 /* Info.plist */ = {isa = PBXFileReference; lastKnownFileType = text.plist.xml; path = Info.plist; sourceTree = "<group>"; };
		181DCF0A22C2330A007A2A22 /* DokushoKirokuAppTests.xctest */ = {isa = PBXFileReference; explicitFileType = wrapper.cfbundle; includeInIndex = 0; path = DokushoKirokuAppTests.xctest; sourceTree = BUILT_PRODUCTS_DIR; };
		181DCF0E22C2330A007A2A22 /* DokushoKirokuAppTests.swift */ = {isa = PBXFileReference; lastKnownFileType = sourcecode.swift; path = DokushoKirokuAppTests.swift; sourceTree = "<group>"; };
		181DCF1022C2330A007A2A22 /* Info.plist */ = {isa = PBXFileReference; lastKnownFileType = text.plist.xml; path = Info.plist; sourceTree = "<group>"; };
		181DCF1522C2330A007A2A22 /* DokushoKirokuAppUITests.xctest */ = {isa = PBXFileReference; explicitFileType = wrapper.cfbundle; includeInIndex = 0; path = DokushoKirokuAppUITests.xctest; sourceTree = BUILT_PRODUCTS_DIR; };
		181DCF1922C2330A007A2A22 /* DokushoKirokuAppUITests.swift */ = {isa = PBXFileReference; lastKnownFileType = sourcecode.swift; path = DokushoKirokuAppUITests.swift; sourceTree = "<group>"; };
		181DCF1B22C2330A007A2A22 /* Info.plist */ = {isa = PBXFileReference; lastKnownFileType = text.plist.xml; path = Info.plist; sourceTree = "<group>"; };
		18E5758E22C2650500A870ED /* LoginViewController.swift */ = {isa = PBXFileReference; lastKnownFileType = sourcecode.swift; path = LoginViewController.swift; sourceTree = "<group>"; };
		18E5759022C265B100A870ED /* HomeViewController.swift */ = {isa = PBXFileReference; lastKnownFileType = sourcecode.swift; path = HomeViewController.swift; sourceTree = "<group>"; };
		18E5759222C265E200A870ED /* InputViewController.swift */ = {isa = PBXFileReference; lastKnownFileType = sourcecode.swift; path = InputViewController.swift; sourceTree = "<group>"; };
		18E5759422C265FD00A870ED /* CellViewController.swift */ = {isa = PBXFileReference; lastKnownFileType = sourcecode.swift; path = CellViewController.swift; sourceTree = "<group>"; };
		18E5759622C2660F00A870ED /* CellInputViewController.swift */ = {isa = PBXFileReference; lastKnownFileType = sourcecode.swift; path = CellInputViewController.swift; sourceTree = "<group>"; };
		18E5759822C27BB700A870ED /* GoogleService-Info.plist */ = {isa = PBXFileReference; fileEncoding = 4; lastKnownFileType = text.plist.xml; path = "GoogleService-Info.plist"; sourceTree = "<group>"; };
		18E5759A22C4EBCE00A870ED /* BookData.swift */ = {isa = PBXFileReference; lastKnownFileType = sourcecode.swift; path = BookData.swift; sourceTree = "<group>"; };
		18E5759C22C4EF1400A870ED /* BookTableViewCell.swift */ = {isa = PBXFileReference; lastKnownFileType = sourcecode.swift; path = BookTableViewCell.swift; sourceTree = "<group>"; };
		18E5759D22C4EF1400A870ED /* BookTableViewCell.xib */ = {isa = PBXFileReference; lastKnownFileType = file.xib; path = BookTableViewCell.xib; sourceTree = "<group>"; };
		18E575A022C7AE5F00A870ED /* DailyLogTableViewCell.swift */ = {isa = PBXFileReference; lastKnownFileType = sourcecode.swift; path = DailyLogTableViewCell.swift; sourceTree = "<group>"; };
		18E575A122C7AE5F00A870ED /* DailyLogTableViewCell.xib */ = {isa = PBXFileReference; lastKnownFileType = file.xib; path = DailyLogTableViewCell.xib; sourceTree = "<group>"; };
		18E575A422C7B12300A870ED /* DailyLogData.swift */ = {isa = PBXFileReference; lastKnownFileType = sourcecode.swift; path = DailyLogData.swift; sourceTree = "<group>"; };
		18E575A622C9106000A870ED /* MenuViewController.swift */ = {isa = PBXFileReference; lastKnownFileType = sourcecode.swift; path = MenuViewController.swift; sourceTree = "<group>"; };
		18E575A822CD011100A870ED /* ResetPasswordViewController.swift */ = {isa = PBXFileReference; lastKnownFileType = sourcecode.swift; path = ResetPasswordViewController.swift; sourceTree = "<group>"; };
		31F10571AC425A5FAD89843C /* Pods_DokushoKirokuAppUITests.framework */ = {isa = PBXFileReference; explicitFileType = wrapper.framework; includeInIndex = 0; path = Pods_DokushoKirokuAppUITests.framework; sourceTree = BUILT_PRODUCTS_DIR; };
		4618E20D7BF2848CD38DB8A2 /* Pods-DokushoKirokuAppUITests.release.xcconfig */ = {isa = PBXFileReference; includeInIndex = 1; lastKnownFileType = text.xcconfig; name = "Pods-DokushoKirokuAppUITests.release.xcconfig"; path = "Target Support Files/Pods-DokushoKirokuAppUITests/Pods-DokushoKirokuAppUITests.release.xcconfig"; sourceTree = "<group>"; };
		6DA2CD7043FC5E81AD4562C5 /* Pods-DokushoKirokuApp.debug.xcconfig */ = {isa = PBXFileReference; includeInIndex = 1; lastKnownFileType = text.xcconfig; name = "Pods-DokushoKirokuApp.debug.xcconfig"; path = "Target Support Files/Pods-DokushoKirokuApp/Pods-DokushoKirokuApp.debug.xcconfig"; sourceTree = "<group>"; };
		7E0F753320F705B48A89599B /* Pods-DokushoKirokuApp.release.xcconfig */ = {isa = PBXFileReference; includeInIndex = 1; lastKnownFileType = text.xcconfig; name = "Pods-DokushoKirokuApp.release.xcconfig"; path = "Target Support Files/Pods-DokushoKirokuApp/Pods-DokushoKirokuApp.release.xcconfig"; sourceTree = "<group>"; };
		8F9220E95997FBCD5A207FA4 /* Pods-DokushoKirokuAppUITests.debug.xcconfig */ = {isa = PBXFileReference; includeInIndex = 1; lastKnownFileType = text.xcconfig; name = "Pods-DokushoKirokuAppUITests.debug.xcconfig"; path = "Target Support Files/Pods-DokushoKirokuAppUITests/Pods-DokushoKirokuAppUITests.debug.xcconfig"; sourceTree = "<group>"; };
		B42FC70E0CD16188FC9EE643 /* Pods-DokushoKirokuAppTests.release.xcconfig */ = {isa = PBXFileReference; includeInIndex = 1; lastKnownFileType = text.xcconfig; name = "Pods-DokushoKirokuAppTests.release.xcconfig"; path = "Target Support Files/Pods-DokushoKirokuAppTests/Pods-DokushoKirokuAppTests.release.xcconfig"; sourceTree = "<group>"; };
		CB1E2DD83E4D7DF3524A5143 /* Pods_DokushoKirokuApp.framework */ = {isa = PBXFileReference; explicitFileType = wrapper.framework; includeInIndex = 0; path = Pods_DokushoKirokuApp.framework; sourceTree = BUILT_PRODUCTS_DIR; };
		CFCDB43B55DE6F7463B2DDBC /* Pods_DokushoKirokuAppTests.framework */ = {isa = PBXFileReference; explicitFileType = wrapper.framework; includeInIndex = 0; path = Pods_DokushoKirokuAppTests.framework; sourceTree = BUILT_PRODUCTS_DIR; };
/* End PBXFileReference section */

/* Begin PBXFrameworksBuildPhase section */
		181DCEF322C23306007A2A22 /* Frameworks */ = {
			isa = PBXFrameworksBuildPhase;
			buildActionMask = 2147483647;
			files = (
				B19640AD76ABCB3A4AF639ED /* Pods_DokushoKirokuApp.framework in Frameworks */,
			);
			runOnlyForDeploymentPostprocessing = 0;
		};
		181DCF0722C2330A007A2A22 /* Frameworks */ = {
			isa = PBXFrameworksBuildPhase;
			buildActionMask = 2147483647;
			files = (
				53BA0559FDE6BA999ACD7902 /* Pods_DokushoKirokuAppTests.framework in Frameworks */,
			);
			runOnlyForDeploymentPostprocessing = 0;
		};
		181DCF1222C2330A007A2A22 /* Frameworks */ = {
			isa = PBXFrameworksBuildPhase;
			buildActionMask = 2147483647;
			files = (
				0ECCA71B8DFC24E75ED839BF /* Pods_DokushoKirokuAppUITests.framework in Frameworks */,
			);
			runOnlyForDeploymentPostprocessing = 0;
		};
/* End PBXFrameworksBuildPhase section */

/* Begin PBXGroup section */
		03D37EB21F431BA2B2C9C045 /* Pods */ = {
			isa = PBXGroup;
			children = (
				6DA2CD7043FC5E81AD4562C5 /* Pods-DokushoKirokuApp.debug.xcconfig */,
				7E0F753320F705B48A89599B /* Pods-DokushoKirokuApp.release.xcconfig */,
				117E709152AF3EB341159B34 /* Pods-DokushoKirokuAppTests.debug.xcconfig */,
				B42FC70E0CD16188FC9EE643 /* Pods-DokushoKirokuAppTests.release.xcconfig */,
				8F9220E95997FBCD5A207FA4 /* Pods-DokushoKirokuAppUITests.debug.xcconfig */,
				4618E20D7BF2848CD38DB8A2 /* Pods-DokushoKirokuAppUITests.release.xcconfig */,
			);
			path = Pods;
			sourceTree = "<group>";
		};
		181DCEED22C23306007A2A22 = {
			isa = PBXGroup;
			children = (
				181DCEF822C23307007A2A22 /* DokushoKirokuApp */,
				181DCF0D22C2330A007A2A22 /* DokushoKirokuAppTests */,
				181DCF1822C2330A007A2A22 /* DokushoKirokuAppUITests */,
				181DCEF722C23307007A2A22 /* Products */,
				03D37EB21F431BA2B2C9C045 /* Pods */,
				2F8D14020ECE6BE24F813C82 /* Frameworks */,
			);
			sourceTree = "<group>";
		};
		181DCEF722C23307007A2A22 /* Products */ = {
			isa = PBXGroup;
			children = (
				181DCEF622C23307007A2A22 /* DokushoKirokuApp.app */,
				181DCF0A22C2330A007A2A22 /* DokushoKirokuAppTests.xctest */,
				181DCF1522C2330A007A2A22 /* DokushoKirokuAppUITests.xctest */,
			);
			name = Products;
			sourceTree = "<group>";
		};
		181DCEF822C23307007A2A22 /* DokushoKirokuApp */ = {
			isa = PBXGroup;
			children = (
				181DCEF922C23307007A2A22 /* AppDelegate.swift */,
				181DCEFB22C23307007A2A22 /* ViewController.swift */,
				181DCEFD22C23307007A2A22 /* Main.storyboard */,
				181DCF0022C23309007A2A22 /* Assets.xcassets */,
				181DCF0222C23309007A2A22 /* LaunchScreen.storyboard */,
				181DCF0522C23309007A2A22 /* Info.plist */,
				18E5758E22C2650500A870ED /* LoginViewController.swift */,
				18E5759022C265B100A870ED /* HomeViewController.swift */,
				18E5759222C265E200A870ED /* InputViewController.swift */,
				18E5759422C265FD00A870ED /* CellViewController.swift */,
				18E5759622C2660F00A870ED /* CellInputViewController.swift */,
				18E5759822C27BB700A870ED /* GoogleService-Info.plist */,
				18E5759A22C4EBCE00A870ED /* BookData.swift */,
				18E5759C22C4EF1400A870ED /* BookTableViewCell.swift */,
				18E5759D22C4EF1400A870ED /* BookTableViewCell.xib */,
				18E575A022C7AE5F00A870ED /* DailyLogTableViewCell.swift */,
				18E575A122C7AE5F00A870ED /* DailyLogTableViewCell.xib */,
				18E575A422C7B12300A870ED /* DailyLogData.swift */,
				18E575A622C9106000A870ED /* MenuViewController.swift */,
				18E575A822CD011100A870ED /* ResetPasswordViewController.swift */,
			);
			path = DokushoKirokuApp;
			sourceTree = "<group>";
		};
		181DCF0D22C2330A007A2A22 /* DokushoKirokuAppTests */ = {
			isa = PBXGroup;
			children = (
				181DCF0E22C2330A007A2A22 /* DokushoKirokuAppTests.swift */,
				181DCF1022C2330A007A2A22 /* Info.plist */,
			);
			path = DokushoKirokuAppTests;
			sourceTree = "<group>";
		};
		181DCF1822C2330A007A2A22 /* DokushoKirokuAppUITests */ = {
			isa = PBXGroup;
			children = (
				181DCF1922C2330A007A2A22 /* DokushoKirokuAppUITests.swift */,
				181DCF1B22C2330A007A2A22 /* Info.plist */,
			);
			path = DokushoKirokuAppUITests;
			sourceTree = "<group>";
		};
		2F8D14020ECE6BE24F813C82 /* Frameworks */ = {
			isa = PBXGroup;
			children = (
				CB1E2DD83E4D7DF3524A5143 /* Pods_DokushoKirokuApp.framework */,
				CFCDB43B55DE6F7463B2DDBC /* Pods_DokushoKirokuAppTests.framework */,
				31F10571AC425A5FAD89843C /* Pods_DokushoKirokuAppUITests.framework */,
			);
			name = Frameworks;
			sourceTree = "<group>";
		};
/* End PBXGroup section */

/* Begin PBXNativeTarget section */
		181DCEF522C23306007A2A22 /* DokushoKirokuApp */ = {
			isa = PBXNativeTarget;
			buildConfigurationList = 181DCF1E22C2330A007A2A22 /* Build configuration list for PBXNativeTarget "DokushoKirokuApp" */;
			buildPhases = (
				1EFAF982635F5B81092FF5D5 /* [CP] Check Pods Manifest.lock */,
				181DCEF222C23306007A2A22 /* Sources */,
				181DCEF322C23306007A2A22 /* Frameworks */,
				181DCEF422C23306007A2A22 /* Resources */,
				6B874623DBE24460318260F4 /* [CP] Embed Pods Frameworks */,
			);
			buildRules = (
			);
			dependencies = (
			);
			name = DokushoKirokuApp;
			productName = DokushoKirokuApp;
			productReference = 181DCEF622C23307007A2A22 /* DokushoKirokuApp.app */;
			productType = "com.apple.product-type.application";
		};
		181DCF0922C2330A007A2A22 /* DokushoKirokuAppTests */ = {
			isa = PBXNativeTarget;
			buildConfigurationList = 181DCF2122C2330A007A2A22 /* Build configuration list for PBXNativeTarget "DokushoKirokuAppTests" */;
			buildPhases = (
				F5A32B0F91DEB2FD65499B54 /* [CP] Check Pods Manifest.lock */,
				181DCF0622C2330A007A2A22 /* Sources */,
				181DCF0722C2330A007A2A22 /* Frameworks */,
				181DCF0822C2330A007A2A22 /* Resources */,
			);
			buildRules = (
			);
			dependencies = (
				181DCF0C22C2330A007A2A22 /* PBXTargetDependency */,
			);
			name = DokushoKirokuAppTests;
			productName = DokushoKirokuAppTests;
			productReference = 181DCF0A22C2330A007A2A22 /* DokushoKirokuAppTests.xctest */;
			productType = "com.apple.product-type.bundle.unit-test";
		};
		181DCF1422C2330A007A2A22 /* DokushoKirokuAppUITests */ = {
			isa = PBXNativeTarget;
			buildConfigurationList = 181DCF2422C2330A007A2A22 /* Build configuration list for PBXNativeTarget "DokushoKirokuAppUITests" */;
			buildPhases = (
				065186FDDF8D4DCDA4373A3B /* [CP] Check Pods Manifest.lock */,
				181DCF1122C2330A007A2A22 /* Sources */,
				181DCF1222C2330A007A2A22 /* Frameworks */,
				181DCF1322C2330A007A2A22 /* Resources */,
			);
			buildRules = (
			);
			dependencies = (
				181DCF1722C2330A007A2A22 /* PBXTargetDependency */,
			);
			name = DokushoKirokuAppUITests;
			productName = DokushoKirokuAppUITests;
			productReference = 181DCF1522C2330A007A2A22 /* DokushoKirokuAppUITests.xctest */;
			productType = "com.apple.product-type.bundle.ui-testing";
		};
/* End PBXNativeTarget section */

/* Begin PBXProject section */
		181DCEEE22C23306007A2A22 /* Project object */ = {
			isa = PBXProject;
			attributes = {
				LastSwiftUpdateCheck = 1010;
				LastUpgradeCheck = 1010;
				ORGANIZATIONNAME = takahiro.hara;
				TargetAttributes = {
					181DCEF522C23306007A2A22 = {
						CreatedOnToolsVersion = 10.1;
					};
					181DCF0922C2330A007A2A22 = {
						CreatedOnToolsVersion = 10.1;
						TestTargetID = 181DCEF522C23306007A2A22;
					};
					181DCF1422C2330A007A2A22 = {
						CreatedOnToolsVersion = 10.1;
						TestTargetID = 181DCEF522C23306007A2A22;
					};
				};
			};
			buildConfigurationList = 181DCEF122C23306007A2A22 /* Build configuration list for PBXProject "DokushoKirokuApp" */;
			compatibilityVersion = "Xcode 9.3";
			developmentRegion = en;
			hasScannedForEncodings = 0;
			knownRegions = (
				en,
				Base,
			);
			mainGroup = 181DCEED22C23306007A2A22;
			productRefGroup = 181DCEF722C23307007A2A22 /* Products */;
			projectDirPath = "";
			projectRoot = "";
			targets = (
				181DCEF522C23306007A2A22 /* DokushoKirokuApp */,
				181DCF0922C2330A007A2A22 /* DokushoKirokuAppTests */,
				181DCF1422C2330A007A2A22 /* DokushoKirokuAppUITests */,
			);
		};
/* End PBXProject section */

/* Begin PBXResourcesBuildPhase section */
		181DCEF422C23306007A2A22 /* Resources */ = {
			isa = PBXResourcesBuildPhase;
			buildActionMask = 2147483647;
			files = (
				181DCF0422C23309007A2A22 /* LaunchScreen.storyboard in Resources */,
				181DCF0122C23309007A2A22 /* Assets.xcassets in Resources */,
				181DCEFF22C23307007A2A22 /* Main.storyboard in Resources */,
				18E5759922C27BB700A870ED /* GoogleService-Info.plist in Resources */,
				18E575A322C7AE5F00A870ED /* DailyLogTableViewCell.xib in Resources */,
				18E5759F22C4EF1400A870ED /* BookTableViewCell.xib in Resources */,
			);
			runOnlyForDeploymentPostprocessing = 0;
		};
		181DCF0822C2330A007A2A22 /* Resources */ = {
			isa = PBXResourcesBuildPhase;
			buildActionMask = 2147483647;
			files = (
			);
			runOnlyForDeploymentPostprocessing = 0;
		};
		181DCF1322C2330A007A2A22 /* Resources */ = {
			isa = PBXResourcesBuildPhase;
			buildActionMask = 2147483647;
			files = (
			);
			runOnlyForDeploymentPostprocessing = 0;
		};
/* End PBXResourcesBuildPhase section */

/* Begin PBXShellScriptBuildPhase section */
		065186FDDF8D4DCDA4373A3B /* [CP] Check Pods Manifest.lock */ = {
			isa = PBXShellScriptBuildPhase;
			buildActionMask = 2147483647;
			files = (
			);
			inputFileListPaths = (
			);
			inputPaths = (
				"${PODS_PODFILE_DIR_PATH}/Podfile.lock",
				"${PODS_ROOT}/Manifest.lock",
			);
			name = "[CP] Check Pods Manifest.lock";
			outputFileListPaths = (
			);
			outputPaths = (
				"$(DERIVED_FILE_DIR)/Pods-DokushoKirokuAppUITests-checkManifestLockResult.txt",
			);
			runOnlyForDeploymentPostprocessing = 0;
			shellPath = /bin/sh;
			shellScript = "diff \"${PODS_PODFILE_DIR_PATH}/Podfile.lock\" \"${PODS_ROOT}/Manifest.lock\" > /dev/null\nif [ $? != 0 ] ; then\n    # print error to STDERR\n    echo \"error: The sandbox is not in sync with the Podfile.lock. Run 'pod install' or update your CocoaPods installation.\" >&2\n    exit 1\nfi\n# This output is used by Xcode 'outputs' to avoid re-running this script phase.\necho \"SUCCESS\" > \"${SCRIPT_OUTPUT_FILE_0}\"\n";
			showEnvVarsInLog = 0;
		};
		1EFAF982635F5B81092FF5D5 /* [CP] Check Pods Manifest.lock */ = {
			isa = PBXShellScriptBuildPhase;
			buildActionMask = 2147483647;
			files = (
			);
			inputFileListPaths = (
			);
			inputPaths = (
				"${PODS_PODFILE_DIR_PATH}/Podfile.lock",
				"${PODS_ROOT}/Manifest.lock",
			);
			name = "[CP] Check Pods Manifest.lock";
			outputFileListPaths = (
			);
			outputPaths = (
				"$(DERIVED_FILE_DIR)/Pods-DokushoKirokuApp-checkManifestLockResult.txt",
			);
			runOnlyForDeploymentPostprocessing = 0;
			shellPath = /bin/sh;
			shellScript = "diff \"${PODS_PODFILE_DIR_PATH}/Podfile.lock\" \"${PODS_ROOT}/Manifest.lock\" > /dev/null\nif [ $? != 0 ] ; then\n    # print error to STDERR\n    echo \"error: The sandbox is not in sync with the Podfile.lock. Run 'pod install' or update your CocoaPods installation.\" >&2\n    exit 1\nfi\n# This output is used by Xcode 'outputs' to avoid re-running this script phase.\necho \"SUCCESS\" > \"${SCRIPT_OUTPUT_FILE_0}\"\n";
			showEnvVarsInLog = 0;
		};
		6B874623DBE24460318260F4 /* [CP] Embed Pods Frameworks */ = {
			isa = PBXShellScriptBuildPhase;
			buildActionMask = 2147483647;
			files = (
			);
			inputFileListPaths = (
				"${PODS_ROOT}/Target Support Files/Pods-DokushoKirokuApp/Pods-DokushoKirokuApp-frameworks-${CONFIGURATION}-input-files.xcfilelist",
			);
			name = "[CP] Embed Pods Frameworks";
			outputFileListPaths = (
				"${PODS_ROOT}/Target Support Files/Pods-DokushoKirokuApp/Pods-DokushoKirokuApp-frameworks-${CONFIGURATION}-output-files.xcfilelist",
			);
			runOnlyForDeploymentPostprocessing = 0;
			shellPath = /bin/sh;
			shellScript = "\"${PODS_ROOT}/Target Support Files/Pods-DokushoKirokuApp/Pods-DokushoKirokuApp-frameworks.sh\"\n";
			showEnvVarsInLog = 0;
		};
		F5A32B0F91DEB2FD65499B54 /* [CP] Check Pods Manifest.lock */ = {
			isa = PBXShellScriptBuildPhase;
			buildActionMask = 2147483647;
			files = (
			);
			inputFileListPaths = (
			);
			inputPaths = (
				"${PODS_PODFILE_DIR_PATH}/Podfile.lock",
				"${PODS_ROOT}/Manifest.lock",
			);
			name = "[CP] Check Pods Manifest.lock";
			outputFileListPaths = (
			);
			outputPaths = (
				"$(DERIVED_FILE_DIR)/Pods-DokushoKirokuAppTests-checkManifestLockResult.txt",
			);
			runOnlyForDeploymentPostprocessing = 0;
			shellPath = /bin/sh;
			shellScript = "diff \"${PODS_PODFILE_DIR_PATH}/Podfile.lock\" \"${PODS_ROOT}/Manifest.lock\" > /dev/null\nif [ $? != 0 ] ; then\n    # print error to STDERR\n    echo \"error: The sandbox is not in sync with the Podfile.lock. Run 'pod install' or update your CocoaPods installation.\" >&2\n    exit 1\nfi\n# This output is used by Xcode 'outputs' to avoid re-running this script phase.\necho \"SUCCESS\" > \"${SCRIPT_OUTPUT_FILE_0}\"\n";
			showEnvVarsInLog = 0;
		};
/* End PBXShellScriptBuildPhase section */

/* Begin PBXSourcesBuildPhase section */
		181DCEF222C23306007A2A22 /* Sources */ = {
			isa = PBXSourcesBuildPhase;
			buildActionMask = 2147483647;
			files = (
				18E575A222C7AE5F00A870ED /* DailyLogTableViewCell.swift in Sources */,
				18E5759722C2660F00A870ED /* CellInputViewController.swift in Sources */,
				18E5759522C265FD00A870ED /* CellViewController.swift in Sources */,
				18E5758F22C2650500A870ED /* LoginViewController.swift in Sources */,
				18E5759322C265E200A870ED /* InputViewController.swift in Sources */,
				18E5759E22C4EF1400A870ED /* BookTableViewCell.swift in Sources */,
				181DCEFC22C23307007A2A22 /* ViewController.swift in Sources */,
				18E575A722C9106000A870ED /* MenuViewController.swift in Sources */,
				181DCEFA22C23307007A2A22 /* AppDelegate.swift in Sources */,
				18E575A922CD011100A870ED /* ResetPasswordViewController.swift in Sources */,
				18E5759B22C4EBCE00A870ED /* BookData.swift in Sources */,
				18E575A522C7B12300A870ED /* DailyLogData.swift in Sources */,
				18E5759122C265B100A870ED /* HomeViewController.swift in Sources */,
			);
			runOnlyForDeploymentPostprocessing = 0;
		};
		181DCF0622C2330A007A2A22 /* Sources */ = {
			isa = PBXSourcesBuildPhase;
			buildActionMask = 2147483647;
			files = (
				181DCF0F22C2330A007A2A22 /* DokushoKirokuAppTests.swift in Sources */,
			);
			runOnlyForDeploymentPostprocessing = 0;
		};
		181DCF1122C2330A007A2A22 /* Sources */ = {
			isa = PBXSourcesBuildPhase;
			buildActionMask = 2147483647;
			files = (
				181DCF1A22C2330A007A2A22 /* DokushoKirokuAppUITests.swift in Sources */,
			);
			runOnlyForDeploymentPostprocessing = 0;
		};
/* End PBXSourcesBuildPhase section */

/* Begin PBXTargetDependency section */
		181DCF0C22C2330A007A2A22 /* PBXTargetDependency */ = {
			isa = PBXTargetDependency;
			target = 181DCEF522C23306007A2A22 /* DokushoKirokuApp */;
			targetProxy = 181DCF0B22C2330A007A2A22 /* PBXContainerItemProxy */;
		};
		181DCF1722C2330A007A2A22 /* PBXTargetDependency */ = {
			isa = PBXTargetDependency;
			target = 181DCEF522C23306007A2A22 /* DokushoKirokuApp */;
			targetProxy = 181DCF1622C2330A007A2A22 /* PBXContainerItemProxy */;
		};
/* End PBXTargetDependency section */

/* Begin PBXVariantGroup section */
		181DCEFD22C23307007A2A22 /* Main.storyboard */ = {
			isa = PBXVariantGroup;
			children = (
				181DCEFE22C23307007A2A22 /* Base */,
			);
			name = Main.storyboard;
			sourceTree = "<group>";
		};
		181DCF0222C23309007A2A22 /* LaunchScreen.storyboard */ = {
			isa = PBXVariantGroup;
			children = (
				181DCF0322C23309007A2A22 /* Base */,
			);
			name = LaunchScreen.storyboard;
			sourceTree = "<group>";
		};
/* End PBXVariantGroup section */

/* Begin XCBuildConfiguration section */
		181DCF1C22C2330A007A2A22 /* Debug */ = {
			isa = XCBuildConfiguration;
			buildSettings = {
				ALWAYS_SEARCH_USER_PATHS = NO;
				CLANG_ANALYZER_NONNULL = YES;
				CLANG_ANALYZER_NUMBER_OBJECT_CONVERSION = YES_AGGRESSIVE;
				CLANG_CXX_LANGUAGE_STANDARD = "gnu++14";
				CLANG_CXX_LIBRARY = "libc++";
				CLANG_ENABLE_MODULES = YES;
				CLANG_ENABLE_OBJC_ARC = YES;
				CLANG_ENABLE_OBJC_WEAK = YES;
				CLANG_WARN_BLOCK_CAPTURE_AUTORELEASING = YES;
				CLANG_WARN_BOOL_CONVERSION = YES;
				CLANG_WARN_COMMA = YES;
				CLANG_WARN_CONSTANT_CONVERSION = YES;
				CLANG_WARN_DEPRECATED_OBJC_IMPLEMENTATIONS = YES;
				CLANG_WARN_DIRECT_OBJC_ISA_USAGE = YES_ERROR;
				CLANG_WARN_DOCUMENTATION_COMMENTS = YES;
				CLANG_WARN_EMPTY_BODY = YES;
				CLANG_WARN_ENUM_CONVERSION = YES;
				CLANG_WARN_INFINITE_RECURSION = YES;
				CLANG_WARN_INT_CONVERSION = YES;
				CLANG_WARN_NON_LITERAL_NULL_CONVERSION = YES;
				CLANG_WARN_OBJC_IMPLICIT_RETAIN_SELF = YES;
				CLANG_WARN_OBJC_LITERAL_CONVERSION = YES;
				CLANG_WARN_OBJC_ROOT_CLASS = YES_ERROR;
				CLANG_WARN_RANGE_LOOP_ANALYSIS = YES;
				CLANG_WARN_STRICT_PROTOTYPES = YES;
				CLANG_WARN_SUSPICIOUS_MOVE = YES;
				CLANG_WARN_UNGUARDED_AVAILABILITY = YES_AGGRESSIVE;
				CLANG_WARN_UNREACHABLE_CODE = YES;
				CLANG_WARN__DUPLICATE_METHOD_MATCH = YES;
				CODE_SIGN_IDENTITY = "iPhone Developer";
				COPY_PHASE_STRIP = NO;
				DEBUG_INFORMATION_FORMAT = dwarf;
				ENABLE_STRICT_OBJC_MSGSEND = YES;
				ENABLE_TESTABILITY = YES;
				GCC_C_LANGUAGE_STANDARD = gnu11;
				GCC_DYNAMIC_NO_PIC = NO;
				GCC_NO_COMMON_BLOCKS = YES;
				GCC_OPTIMIZATION_LEVEL = 0;
				GCC_PREPROCESSOR_DEFINITIONS = (
					"DEBUG=1",
					"$(inherited)",
				);
				GCC_WARN_64_TO_32_BIT_CONVERSION = YES;
				GCC_WARN_ABOUT_RETURN_TYPE = YES_ERROR;
				GCC_WARN_UNDECLARED_SELECTOR = YES;
				GCC_WARN_UNINITIALIZED_AUTOS = YES_AGGRESSIVE;
				GCC_WARN_UNUSED_FUNCTION = YES;
				GCC_WARN_UNUSED_VARIABLE = YES;
				IPHONEOS_DEPLOYMENT_TARGET = 12.1;
				MTL_ENABLE_DEBUG_INFO = INCLUDE_SOURCE;
				MTL_FAST_MATH = YES;
				ONLY_ACTIVE_ARCH = YES;
				SDKROOT = iphoneos;
				SWIFT_ACTIVE_COMPILATION_CONDITIONS = DEBUG;
				SWIFT_OPTIMIZATION_LEVEL = "-Onone";
			};
			name = Debug;
		};
		181DCF1D22C2330A007A2A22 /* Release */ = {
			isa = XCBuildConfiguration;
			buildSettings = {
				ALWAYS_SEARCH_USER_PATHS = NO;
				CLANG_ANALYZER_NONNULL = YES;
				CLANG_ANALYZER_NUMBER_OBJECT_CONVERSION = YES_AGGRESSIVE;
				CLANG_CXX_LANGUAGE_STANDARD = "gnu++14";
				CLANG_CXX_LIBRARY = "libc++";
				CLANG_ENABLE_MODULES = YES;
				CLANG_ENABLE_OBJC_ARC = YES;
				CLANG_ENABLE_OBJC_WEAK = YES;
				CLANG_WARN_BLOCK_CAPTURE_AUTORELEASING = YES;
				CLANG_WARN_BOOL_CONVERSION = YES;
				CLANG_WARN_COMMA = YES;
				CLANG_WARN_CONSTANT_CONVERSION = YES;
				CLANG_WARN_DEPRECATED_OBJC_IMPLEMENTATIONS = YES;
				CLANG_WARN_DIRECT_OBJC_ISA_USAGE = YES_ERROR;
				CLANG_WARN_DOCUMENTATION_COMMENTS = YES;
				CLANG_WARN_EMPTY_BODY = YES;
				CLANG_WARN_ENUM_CONVERSION = YES;
				CLANG_WARN_INFINITE_RECURSION = YES;
				CLANG_WARN_INT_CONVERSION = YES;
				CLANG_WARN_NON_LITERAL_NULL_CONVERSION = YES;
				CLANG_WARN_OBJC_IMPLICIT_RETAIN_SELF = YES;
				CLANG_WARN_OBJC_LITERAL_CONVERSION = YES;
				CLANG_WARN_OBJC_ROOT_CLASS = YES_ERROR;
				CLANG_WARN_RANGE_LOOP_ANALYSIS = YES;
				CLANG_WARN_STRICT_PROTOTYPES = YES;
				CLANG_WARN_SUSPICIOUS_MOVE = YES;
				CLANG_WARN_UNGUARDED_AVAILABILITY = YES_AGGRESSIVE;
				CLANG_WARN_UNREACHABLE_CODE = YES;
				CLANG_WARN__DUPLICATE_METHOD_MATCH = YES;
				CODE_SIGN_IDENTITY = "iPhone Developer";
				COPY_PHASE_STRIP = NO;
				DEBUG_INFORMATION_FORMAT = "dwarf-with-dsym";
				ENABLE_NS_ASSERTIONS = NO;
				ENABLE_STRICT_OBJC_MSGSEND = YES;
				GCC_C_LANGUAGE_STANDARD = gnu11;
				GCC_NO_COMMON_BLOCKS = YES;
				GCC_WARN_64_TO_32_BIT_CONVERSION = YES;
				GCC_WARN_ABOUT_RETURN_TYPE = YES_ERROR;
				GCC_WARN_UNDECLARED_SELECTOR = YES;
				GCC_WARN_UNINITIALIZED_AUTOS = YES_AGGRESSIVE;
				GCC_WARN_UNUSED_FUNCTION = YES;
				GCC_WARN_UNUSED_VARIABLE = YES;
				IPHONEOS_DEPLOYMENT_TARGET = 12.1;
				MTL_ENABLE_DEBUG_INFO = NO;
				MTL_FAST_MATH = YES;
				SDKROOT = iphoneos;
				SWIFT_COMPILATION_MODE = wholemodule;
				SWIFT_OPTIMIZATION_LEVEL = "-O";
				VALIDATE_PRODUCT = YES;
			};
			name = Release;
		};
		181DCF1F22C2330A007A2A22 /* Debug */ = {
			isa = XCBuildConfiguration;
			baseConfigurationReference = 6DA2CD7043FC5E81AD4562C5 /* Pods-DokushoKirokuApp.debug.xcconfig */;
			buildSettings = {
				ASSETCATALOG_COMPILER_APPICON_NAME = AppIcon;
				CODE_SIGN_STYLE = Automatic;
				DEVELOPMENT_TEAM = 925577ABC2;
				INFOPLIST_FILE = DokushoKirokuApp/Info.plist;
				LD_RUNPATH_SEARCH_PATHS = (
					"$(inherited)",
					"@executable_path/Frameworks",
				);
				PRODUCT_BUNDLE_IDENTIFIER = com.appstaka.DokushoKirokuApp;
				PRODUCT_NAME = "$(TARGET_NAME)";
				SWIFT_VERSION = 4.2;
				TARGETED_DEVICE_FAMILY = 1;
			};
			name = Debug;
		};
		181DCF2022C2330A007A2A22 /* Release */ = {
			isa = XCBuildConfiguration;
			baseConfigurationReference = 7E0F753320F705B48A89599B /* Pods-DokushoKirokuApp.release.xcconfig */;
			buildSettings = {
				ASSETCATALOG_COMPILER_APPICON_NAME = AppIcon;
				CODE_SIGN_STYLE = Automatic;
				DEVELOPMENT_TEAM = 925577ABC2;
				INFOPLIST_FILE = DokushoKirokuApp/Info.plist;
				LD_RUNPATH_SEARCH_PATHS = (
					"$(inherited)",
					"@executable_path/Frameworks",
				);
				PRODUCT_BUNDLE_IDENTIFIER = com.appstaka.DokushoKirokuApp;
				PRODUCT_NAME = "$(TARGET_NAME)";
				SWIFT_VERSION = 4.2;
				TARGETED_DEVICE_FAMILY = 1;
			};
			name = Release;
		};
		181DCF2222C2330A007A2A22 /* Debug */ = {
			isa = XCBuildConfiguration;
			baseConfigurationReference = 117E709152AF3EB341159B34 /* Pods-DokushoKirokuAppTests.debug.xcconfig */;
			buildSettings = {
				ALWAYS_EMBED_SWIFT_STANDARD_LIBRARIES = YES;
				BUNDLE_LOADER = "$(TEST_HOST)";
				CODE_SIGN_STYLE = Automatic;
				DEVELOPMENT_TEAM = CM295DQ64D;
				INFOPLIST_FILE = DokushoKirokuAppTests/Info.plist;
				LD_RUNPATH_SEARCH_PATHS = (
					"$(inherited)",
					"@executable_path/Frameworks",
					"@loader_path/Frameworks",
				);
				PRODUCT_BUNDLE_IDENTIFIER = com.appstaka.takahiro.hara.DokushoKirokuAppTests;
				PRODUCT_NAME = "$(TARGET_NAME)";
				SWIFT_VERSION = 4.2;
				TARGETED_DEVICE_FAMILY = "1,2";
				TEST_HOST = "$(BUILT_PRODUCTS_DIR)/DokushoKirokuApp.app/DokushoKirokuApp";
			};
			name = Debug;
		};
		181DCF2322C2330A007A2A22 /* Release */ = {
			isa = XCBuildConfiguration;
			baseConfigurationReference = B42FC70E0CD16188FC9EE643 /* Pods-DokushoKirokuAppTests.release.xcconfig */;
			buildSettings = {
				ALWAYS_EMBED_SWIFT_STANDARD_LIBRARIES = YES;
				BUNDLE_LOADER = "$(TEST_HOST)";
				CODE_SIGN_STYLE = Automatic;
				DEVELOPMENT_TEAM = CM295DQ64D;
				INFOPLIST_FILE = DokushoKirokuAppTests/Info.plist;
				LD_RUNPATH_SEARCH_PATHS = (
					"$(inherited)",
					"@executable_path/Frameworks",
					"@loader_path/Frameworks",
				);
				PRODUCT_BUNDLE_IDENTIFIER = com.appstaka.takahiro.hara.DokushoKirokuAppTests;
				PRODUCT_NAME = "$(TARGET_NAME)";
				SWIFT_VERSION = 4.2;
				TARGETED_DEVICE_FAMILY = "1,2";
				TEST_HOST = "$(BUILT_PRODUCTS_DIR)/DokushoKirokuApp.app/DokushoKirokuApp";
			};
			name = Release;
		};
		181DCF2522C2330A007A2A22 /* Debug */ = {
			isa = XCBuildConfiguration;
			baseConfigurationReference = 8F9220E95997FBCD5A207FA4 /* Pods-DokushoKirokuAppUITests.debug.xcconfig */;
			buildSettings = {
				ALWAYS_EMBED_SWIFT_STANDARD_LIBRARIES = YES;
				CODE_SIGN_STYLE = Automatic;
				DEVELOPMENT_TEAM = CM295DQ64D;
				INFOPLIST_FILE = DokushoKirokuAppUITests/Info.plist;
				LD_RUNPATH_SEARCH_PATHS = (
					"$(inherited)",
					"@executable_path/Frameworks",
					"@loader_path/Frameworks",
				);
				PRODUCT_BUNDLE_IDENTIFIER = com.appstaka.takahiro.hara.DokushoKirokuAppUITests;
				PRODUCT_NAME = "$(TARGET_NAME)";
				SWIFT_VERSION = 4.2;
				TARGETED_DEVICE_FAMILY = "1,2";
				TEST_TARGET_NAME = DokushoKirokuApp;
			};
			name = Debug;
		};
		181DCF2622C2330A007A2A22 /* Release */ = {
			isa = XCBuildConfiguration;
			baseConfigurationReference = 4618E20D7BF2848CD38DB8A2 /* Pods-DokushoKirokuAppUITests.release.xcconfig */;
			buildSettings = {
				ALWAYS_EMBED_SWIFT_STANDARD_LIBRARIES = YES;
				CODE_SIGN_STYLE = Automatic;
				DEVELOPMENT_TEAM = CM295DQ64D;
				INFOPLIST_FILE = DokushoKirokuAppUITests/Info.plist;
				LD_RUNPATH_SEARCH_PATHS = (
					"$(inherited)",
					"@executable_path/Frameworks",
					"@loader_path/Frameworks",
				);
				PRODUCT_BUNDLE_IDENTIFIER = com.appstaka.takahiro.hara.DokushoKirokuAppUITests;
				PRODUCT_NAME = "$(TARGET_NAME)";
				SWIFT_VERSION = 4.2;
				TARGETED_DEVICE_FAMILY = "1,2";
				TEST_TARGET_NAME = DokushoKirokuApp;
			};
			name = Release;
		};
/* End XCBuildConfiguration section */

/* Begin XCConfigurationList section */
		181DCEF122C23306007A2A22 /* Build configuration list for PBXProject "DokushoKirokuApp" */ = {
			isa = XCConfigurationList;
			buildConfigurations = (
				181DCF1C22C2330A007A2A22 /* Debug */,
				181DCF1D22C2330A007A2A22 /* Release */,
			);
			defaultConfigurationIsVisible = 0;
			defaultConfigurationName = Release;
		};
		181DCF1E22C2330A007A2A22 /* Build configuration list for PBXNativeTarget "DokushoKirokuApp" */ = {
			isa = XCConfigurationList;
			buildConfigurations = (
				181DCF1F22C2330A007A2A22 /* Debug */,
				181DCF2022C2330A007A2A22 /* Release */,
			);
			defaultConfigurationIsVisible = 0;
			defaultConfigurationName = Release;
		};
		181DCF2122C2330A007A2A22 /* Build configuration list for PBXNativeTarget "DokushoKirokuAppTests" */ = {
			isa = XCConfigurationList;
			buildConfigurations = (
				181DCF2222C2330A007A2A22 /* Debug */,
				181DCF2322C2330A007A2A22 /* Release */,
			);
			defaultConfigurationIsVisible = 0;
			defaultConfigurationName = Release;
		};
		181DCF2422C2330A007A2A22 /* Build configuration list for PBXNativeTarget "DokushoKirokuAppUITests" */ = {
			isa = XCConfigurationList;
			buildConfigurations = (
				181DCF2522C2330A007A2A22 /* Debug */,
				181DCF2622C2330A007A2A22 /* Release */,
			);
			defaultConfigurationIsVisible = 0;
			defaultConfigurationName = Release;
		};
/* End XCConfigurationList section */
	};
	rootObject = 181DCEEE22C23306007A2A22 /* Project object */;
}
